
Microsoft Visual Studio Solution File, Format Version 12.00
# Visual Studio Version 16
VisualStudioVersion = 16.0.30011.22
MinimumVisualStudioVersion = 10.0.40219.1
Project("{FAE04EC0-301F-11D3-BF4B-00C04F79EFBC}") = "RivestShamirAdleman", "RivestShamirAdleman\RivestShamirAdleman.csproj", "{C3410626-5FEA-4A8D-8AE3-CE0834E3F9F6}"
EndProject
Project("{FAE04EC0-301F-11D3-BF4B-00C04F79EFBC}") = "DiffieHellman", "DiffieHellman\DiffieHellman.csproj", "{A19CD897-2C0E-42A2-A651-2E04A47ED8A8}"
EndProject
Global
	GlobalSection(SolutionConfigurationPlatforms) = preSolution
		Debug|Any CPU = Debug|Any CPU
		Release|Any CPU = Release|Any CPU
	EndGlobalSection
	GlobalSection(ProjectConfigurationPlatforms) = postSolution
		{C3410626-5FEA-4A8D-8AE3-CE0834E3F9F6}.Debug|Any CPU.ActiveCfg = Debug|Any CPU
		{C3410626-5FEA-4A8D-8AE3-CE0834E3F9F6}.Debug|Any CPU.Build.0 = Debug|Any CPU
		{C3410626-5FEA-4A8D-8AE3-CE0834E3F9F6}.Release|Any CPU.ActiveCfg = Release|Any CPU
		{C3410626-5FEA-4A8D-8AE3-CE0834E3F9F6}.Release|Any CPU.Build.0 = Release|Any CPU
		{A19CD897-2C0E-42A2-A651-2E04A47ED8A8}.Debug|Any CPU.ActiveCfg = Debug|Any CPU
		{A19CD897-2C0E-42A2-A651-2E04A47ED8A8}.Debug|Any CPU.Build.0 = Debug|Any CPU
		{A19CD897-2C0E-42A2-A651-2E04A47ED8A8}.Release|Any CPU.ActiveCfg = Release|Any CPU
		{A19CD897-2C0E-42A2-A651-2E04A47ED8A8}.Release|Any CPU.Build.0 = Release|Any CPU
	EndGlobalSection
	GlobalSection(SolutionProperties) = preSolution
		HideSolutionNode = FALSE
	EndGlobalSection
	GlobalSection(ExtensibilityGlobals) = postSolution
		SolutionGuid = {412905C9-B451-4A30-83ED-EE1AA808853B}
	EndGlobalSection
EndGlobal
